// !$*UTF8*$!
{
	archiveVersion = 1;
	classes = {
	};
	objectVersion = 50;
	objects = {

/* Begin PBXBuildFile section */
		1FD7A9D424DD1BD000429F6E /* AppDelegate.swift in Sources */ = {isa = PBXBuildFile; fileRef = 1FD7A9D324DD1BD000429F6E /* AppDelegate.swift */; };
		1FD7A9D624DD1BD000429F6E /* SceneDelegate.swift in Sources */ = {isa = PBXBuildFile; fileRef = 1FD7A9D524DD1BD000429F6E /* SceneDelegate.swift */; };
		1FD7A9D824DD1BD000429F6E /* ViewController.swift in Sources */ = {isa = PBXBuildFile; fileRef = 1FD7A9D724DD1BD000429F6E /* ViewController.swift */; };
		1FD7A9DB24DD1BD000429F6E /* Main.storyboard in Resources */ = {isa = PBXBuildFile; fileRef = 1FD7A9D924DD1BD000429F6E /* Main.storyboard */; };
		1FD7A9DD24DD1BD100429F6E /* Assets.xcassets in Resources */ = {isa = PBXBuildFile; fileRef = 1FD7A9DC24DD1BD100429F6E /* Assets.xcassets */; };
		1FD7A9E024DD1BD100429F6E /* LaunchScreen.storyboard in Resources */ = {isa = PBXBuildFile; fileRef = 1FD7A9DE24DD1BD100429F6E /* LaunchScreen.storyboard */; };
		1FD7A9EB24DD1BD100429F6E /* HorizontalScrollViewTestTests.swift in Sources */ = {isa = PBXBuildFile; fileRef = 1FD7A9EA24DD1BD100429F6E /* HorizontalScrollViewTestTests.swift */; };
		1FD7A9F624DD1BD200429F6E /* HorizontalScrollViewTestUITests.swift in Sources */ = {isa = PBXBuildFile; fileRef = 1FD7A9F524DD1BD200429F6E /* HorizontalScrollViewTestUITests.swift */; };
/* End PBXBuildFile section */

/* Begin PBXContainerItemProxy section */
		1FD7A9E724DD1BD100429F6E /* PBXContainerItemProxy */ = {
			isa = PBXContainerItemProxy;
			containerPortal = 1FD7A9C824DD1BD000429F6E /* Project object */;
			proxyType = 1;
			remoteGlobalIDString = 1FD7A9CF24DD1BD000429F6E;
			remoteInfo = HorizontalScrollViewTest;
		};
		1FD7A9F224DD1BD200429F6E /* PBXContainerItemProxy */ = {
			isa = PBXContainerItemProxy;
			containerPortal = 1FD7A9C824DD1BD000429F6E /* Project object */;
			proxyType = 1;
			remoteGlobalIDString = 1FD7A9CF24DD1BD000429F6E;
			remoteInfo = HorizontalScrollViewTest;
		};
/* End PBXContainerItemProxy section */

/* Begin PBXFileReference section */
		1FD7A9D024DD1BD000429F6E /* HorizontalScrollViewTest.app */ = {isa = PBXFileReference; explicitFileType = wrapper.application; includeInIndex = 0; path = HorizontalScrollViewTest.app; sourceTree = BUILT_PRODUCTS_DIR; };
		1FD7A9D324DD1BD000429F6E /* AppDelegate.swift */ = {isa = PBXFileReference; lastKnownFileType = sourcecode.swift; path = AppDelegate.swift; sourceTree = "<group>"; };
		1FD7A9D524DD1BD000429F6E /* SceneDelegate.swift */ = {isa = PBXFileReference; lastKnownFileType = sourcecode.swift; path = SceneDelegate.swift; sourceTree = "<group>"; };
		1FD7A9D724DD1BD000429F6E /* ViewController.swift */ = {isa = PBXFileReference; lastKnownFileType = sourcecode.swift; path = ViewController.swift; sourceTree = "<group>"; };
		1FD7A9DA24DD1BD000429F6E /* Base */ = {isa = PBXFileReference; lastKnownFileType = file.storyboard; name = Base; path = Base.lproj/Main.storyboard; sourceTree = "<group>"; };
		1FD7A9DC24DD1BD100429F6E /* Assets.xcassets */ = {isa = PBXFileReference; lastKnownFileType = folder.assetcatalog; path = Assets.xcassets; sourceTree = "<group>"; };
		1FD7A9DF24DD1BD100429F6E /* Base */ = {isa = PBXFileReference; lastKnownFileType = file.storyboard; name = Base; path = Base.lproj/LaunchScreen.storyboard; sourceTree = "<group>"; };
		1FD7A9E124DD1BD100429F6E /* Info.plist */ = {isa = PBXFileReference; lastKnownFileType = text.plist.xml; path = Info.plist; sourceTree = "<group>"; };
		1FD7A9E624DD1BD100429F6E /* HorizontalScrollViewTestTests.xctest */ = {isa = PBXFileReference; explicitFileType = wrapper.cfbundle; includeInIndex = 0; path = HorizontalScrollViewTestTests.xctest; sourceTree = BUILT_PRODUCTS_DIR; };
		1FD7A9EA24DD1BD100429F6E /* HorizontalScrollViewTestTests.swift */ = {isa = PBXFileReference; lastKnownFileType = sourcecode.swift; path = HorizontalScrollViewTestTests.swift; sourceTree = "<group>"; };
		1FD7A9EC24DD1BD100429F6E /* Info.plist */ = {isa = PBXFileReference; lastKnownFileType = text.plist.xml; path = Info.plist; sourceTree = "<group>"; };
		1FD7A9F124DD1BD200429F6E /* HorizontalScrollViewTestUITests.xctest */ = {isa = PBXFileReference; explicitFileType = wrapper.cfbundle; includeInIndex = 0; path = HorizontalScrollViewTestUITests.xctest; sourceTree = BUILT_PRODUCTS_DIR; };
		1FD7A9F524DD1BD200429F6E /* HorizontalScrollViewTestUITests.swift */ = {isa = PBXFileReference; lastKnownFileType = sourcecode.swift; path = HorizontalScrollViewTestUITests.swift; sourceTree = "<group>"; };
		1FD7A9F724DD1BD200429F6E /* Info.plist */ = {isa = PBXFileReference; lastKnownFileType = text.plist.xml; path = Info.plist; sourceTree = "<group>"; };
/* End PBXFileReference section */

/* Begin PBXFrameworksBuildPhase section */
		1FD7A9CD24DD1BD000429F6E /* Frameworks */ = {
			isa = PBXFrameworksBuildPhase;
			buildActionMask = 2147483647;
			files = (
			);
			runOnlyForDeploymentPostprocessing = 0;
		};
		1FD7A9E324DD1BD100429F6E /* Frameworks */ = {
			isa = PBXFrameworksBuildPhase;
			buildActionMask = 2147483647;
			files = (
			);
			runOnlyForDeploymentPostprocessing = 0;
		};
		1FD7A9EE24DD1BD200429F6E /* Frameworks */ = {
			isa = PBXFrameworksBuildPhase;
			buildActionMask = 2147483647;
			files = (
			);
			runOnlyForDeploymentPostprocessing = 0;
		};
/* End PBXFrameworksBuildPhase section */

/* Begin PBXGroup section */
		1FD7A9C724DD1BD000429F6E = {
			isa = PBXGroup;
			children = (
				1FD7A9D224DD1BD000429F6E /* HorizontalScrollViewTest */,
				1FD7A9E924DD1BD100429F6E /* HorizontalScrollViewTestTests */,
				1FD7A9F424DD1BD200429F6E /* HorizontalScrollViewTestUITests */,
				1FD7A9D124DD1BD000429F6E /* Products */,
			);
			sourceTree = "<group>";
		};
		1FD7A9D124DD1BD000429F6E /* Products */ = {
			isa = PBXGroup;
			children = (
				1FD7A9D024DD1BD000429F6E /* HorizontalScrollViewTest.app */,
				1FD7A9E624DD1BD100429F6E /* HorizontalScrollViewTestTests.xctest */,
				1FD7A9F124DD1BD200429F6E /* HorizontalScrollViewTestUITests.xctest */,
			);
			name = Products;
			sourceTree = "<group>";
		};
		1FD7A9D224DD1BD000429F6E /* HorizontalScrollViewTest */ = {
			isa = PBXGroup;
			children = (
				1FD7A9D324DD1BD000429F6E /* AppDelegate.swift */,
				1FD7A9D524DD1BD000429F6E /* SceneDelegate.swift */,
				1FD7A9D724DD1BD000429F6E /* ViewController.swift */,
				1FD7A9D924DD1BD000429F6E /* Main.storyboard */,
				1FD7A9DC24DD1BD100429F6E /* Assets.xcassets */,
				1FD7A9DE24DD1BD100429F6E /* LaunchScreen.storyboard */,
				1FD7A9E124DD1BD100429F6E /* Info.plist */,
			);
			path = HorizontalScrollViewTest;
			sourceTree = "<group>";
		};
		1FD7A9E924DD1BD100429F6E /* HorizontalScrollViewTestTests */ = {
			isa = PBXGroup;
			children = (
				1FD7A9EA24DD1BD100429F6E /* HorizontalScrollViewTestTests.swift */,
				1FD7A9EC24DD1BD100429F6E /* Info.plist */,
			);
			path = HorizontalScrollViewTestTests;
			sourceTree = "<group>";
		};
		1FD7A9F424DD1BD200429F6E /* HorizontalScrollViewTestUITests */ = {
			isa = PBXGroup;
			children = (
				1FD7A9F524DD1BD200429F6E /* HorizontalScrollViewTestUITests.swift */,
				1FD7A9F724DD1BD200429F6E /* Info.plist */,
			);
			path = HorizontalScrollViewTestUITests;
			sourceTree = "<group>";
		};
/* End PBXGroup section */

/* Begin PBXNativeTarget section */
		1FD7A9CF24DD1BD000429F6E /* HorizontalScrollViewTest */ = {
			isa = PBXNativeTarget;
			buildConfigurationList = 1FD7A9FA24DD1BD200429F6E /* Build configuration list for PBXNativeTarget "HorizontalScrollViewTest" */;
			buildPhases = (
				1FD7A9CC24DD1BD000429F6E /* Sources */,
				1FD7A9CD24DD1BD000429F6E /* Frameworks */,
				1FD7A9CE24DD1BD000429F6E /* Resources */,
			);
			buildRules = (
			);
			dependencies = (
			);
			name = HorizontalScrollViewTest;
			productName = HorizontalScrollViewTest;
			productReference = 1FD7A9D024DD1BD000429F6E /* HorizontalScrollViewTest.app */;
			productType = "com.apple.product-type.application";
		};
		1FD7A9E524DD1BD100429F6E /* HorizontalScrollViewTestTests */ = {
			isa = PBXNativeTarget;
			buildConfigurationList = 1FD7A9FD24DD1BD200429F6E /* Build configuration list for PBXNativeTarget "HorizontalScrollViewTestTests" */;
			buildPhases = (
				1FD7A9E224DD1BD100429F6E /* Sources */,
				1FD7A9E324DD1BD100429F6E /* Frameworks */,
				1FD7A9E424DD1BD100429F6E /* Resources */,
			);
			buildRules = (
			);
			dependencies = (
				1FD7A9E824DD1BD100429F6E /* PBXTargetDependency */,
			);
			name = HorizontalScrollViewTestTests;
			productName = HorizontalScrollViewTestTests;
			productReference = 1FD7A9E624DD1BD100429F6E /* HorizontalScrollViewTestTests.xctest */;
			productType = "com.apple.product-type.bundle.unit-test";
		};
		1FD7A9F024DD1BD200429F6E /* HorizontalScrollViewTestUITests */ = {
			isa = PBXNativeTarget;
			buildConfigurationList = 1FD7AA0024DD1BD200429F6E /* Build configuration list for PBXNativeTarget "HorizontalScrollViewTestUITests" */;
			buildPhases = (
				1FD7A9ED24DD1BD200429F6E /* Sources */,
				1FD7A9EE24DD1BD200429F6E /* Frameworks */,
				1FD7A9EF24DD1BD200429F6E /* Resources */,
			);
			buildRules = (
			);
			dependencies = (
				1FD7A9F324DD1BD200429F6E /* PBXTargetDependency */,
			);
			name = HorizontalScrollViewTestUITests;
			productName = HorizontalScrollViewTestUITests;
			productReference = 1FD7A9F124DD1BD200429F6E /* HorizontalScrollViewTestUITests.xctest */;
			productType = "com.apple.product-type.bundle.ui-testing";
		};
/* End PBXNativeTarget section */

/* Begin PBXProject section */
		1FD7A9C824DD1BD000429F6E /* Project object */ = {
			isa = PBXProject;
			attributes = {
				LastSwiftUpdateCheck = 1130;
				LastUpgradeCheck = 1130;
				ORGANIZATIONNAME = "Jeonggyu Park";
				TargetAttributes = {
					1FD7A9CF24DD1BD000429F6E = {
						CreatedOnToolsVersion = 11.3.1;
					};
					1FD7A9E524DD1BD100429F6E = {
						CreatedOnToolsVersion = 11.3.1;
						TestTargetID = 1FD7A9CF24DD1BD000429F6E;
					};
					1FD7A9F024DD1BD200429F6E = {
						CreatedOnToolsVersion = 11.3.1;
						TestTargetID = 1FD7A9CF24DD1BD000429F6E;
					};
				};
			};
			buildConfigurationList = 1FD7A9CB24DD1BD000429F6E /* Build configuration list for PBXProject "HorizontalScrollViewTest" */;
			compatibilityVersion = "Xcode 9.3";
			developmentRegion = en;
			hasScannedForEncodings = 0;
			knownRegions = (
				en,
				Base,
			);
			mainGroup = 1FD7A9C724DD1BD000429F6E;
			productRefGroup = 1FD7A9D124DD1BD000429F6E /* Products */;
			projectDirPath = "";
			projectRoot = "";
			targets = (
				1FD7A9CF24DD1BD000429F6E /* HorizontalScrollViewTest */,
				1FD7A9E524DD1BD100429F6E /* HorizontalScrollViewTestTests */,
				1FD7A9F024DD1BD200429F6E /* HorizontalScrollViewTestUITests */,
			);
		};
/* End PBXProject section */

/* Begin PBXResourcesBuildPhase section */
		1FD7A9CE24DD1BD000429F6E /* Resources */ = {
			isa = PBXResourcesBuildPhase;
			buildActionMask = 2147483647;
			files = (
				1FD7A9E024DD1BD100429F6E /* LaunchScreen.storyboard in Resources */,
				1FD7A9DD24DD1BD100429F6E /* Assets.xcassets in Resources */,
				1FD7A9DB24DD1BD000429F6E /* Main.storyboard in Resources */,
			);
			runOnlyForDeploymentPostprocessing = 0;
		};
		1FD7A9E424DD1BD100429F6E /* Resources */ = {
			isa = PBXResourcesBuildPhase;
			buildActionMask = 2147483647;
			files = (
			);
			runOnlyForDeploymentPostprocessing = 0;
		};
		1FD7A9EF24DD1BD200429F6E /* Resources */ = {
			isa = PBXResourcesBuildPhase;
			buildActionMask = 2147483647;
			files = (
			);
			runOnlyForDeploymentPostprocessing = 0;
		};
/* End PBXResourcesBuildPhase section */

/* Begin PBXSourcesBuildPhase section */
		1FD7A9CC24DD1BD000429F6E /* Sources */ = {
			isa = PBXSourcesBuildPhase;
			buildActionMask = 2147483647;
			files = (
				1FD7A9D824DD1BD000429F6E /* ViewController.swift in Sources */,
				1FD7A9D424DD1BD000429F6E /* AppDelegate.swift in Sources */,
				1FD7A9D624DD1BD000429F6E /* SceneDelegate.swift in Sources */,
			);
			runOnlyForDeploymentPostprocessing = 0;
		};
		1FD7A9E224DD1BD100429F6E /* Sources */ = {
			isa = PBXSourcesBuildPhase;
			buildActionMask = 2147483647;
			files = (
				1FD7A9EB24DD1BD100429F6E /* HorizontalScrollViewTestTests.swift in Sources */,
			);
			runOnlyForDeploymentPostprocessing = 0;
		};
		1FD7A9ED24DD1BD200429F6E /* Sources */ = {
			isa = PBXSourcesBuildPhase;
			buildActionMask = 2147483647;
			files = (
				1FD7A9F624DD1BD200429F6E /* HorizontalScrollViewTestUITests.swift in Sources */,
			);
			runOnlyForDeploymentPostprocessing = 0;
		};
/* End PBXSourcesBuildPhase section */

/* Begin PBXTargetDependency section */
		1FD7A9E824DD1BD100429F6E /* PBXTargetDependency */ = {
			isa = PBXTargetDependency;
			target = 1FD7A9CF24DD1BD000429F6E /* HorizontalScrollViewTest */;
			targetProxy = 1FD7A9E724DD1BD100429F6E /* PBXContainerItemProxy */;
		};
		1FD7A9F324DD1BD200429F6E /* PBXTargetDependency */ = {
			isa = PBXTargetDependency;
			target = 1FD7A9CF24DD1BD000429F6E /* HorizontalScrollViewTest */;
			targetProxy = 1FD7A9F224DD1BD200429F6E /* PBXContainerItemProxy */;
		};
/* End PBXTargetDependency section */

/* Begin PBXVariantGroup section */
		1FD7A9D924DD1BD000429F6E /* Main.storyboard */ = {
			isa = PBXVariantGroup;
			children = (
				1FD7A9DA24DD1BD000429F6E /* Base */,
			);
			name = Main.storyboard;
			sourceTree = "<group>";
		};
		1FD7A9DE24DD1BD100429F6E /* LaunchScreen.storyboard */ = {
			isa = PBXVariantGroup;
			children = (
				1FD7A9DF24DD1BD100429F6E /* Base */,
			);
			name = LaunchScreen.storyboard;
			sourceTree = "<group>";
		};
/* End PBXVariantGroup section */

/* Begin XCBuildConfiguration section */
		1FD7A9F824DD1BD200429F6E /* Debug */ = {
			isa = XCBuildConfiguration;
			buildSettings = {
				ALWAYS_SEARCH_USER_PATHS = NO;
				CLANG_ANALYZER_NONNULL = YES;
				CLANG_ANALYZER_NUMBER_OBJECT_CONVERSION = YES_AGGRESSIVE;
				CLANG_CXX_LANGUAGE_STANDARD = "gnu++14";
				CLANG_CXX_LIBRARY = "libc++";
				CLANG_ENABLE_MODULES = YES;
				CLANG_ENABLE_OBJC_ARC = YES;
				CLANG_ENABLE_OBJC_WEAK = YES;
				CLANG_WARN_BLOCK_CAPTURE_AUTORELEASING = YES;
				CLANG_WARN_BOOL_CONVERSION = YES;
				CLANG_WARN_COMMA = YES;
				CLANG_WARN_CONSTANT_CONVERSION = YES;
				CLANG_WARN_DEPRECATED_OBJC_IMPLEMENTATIONS = YES;
				CLANG_WARN_DIRECT_OBJC_ISA_USAGE = YES_ERROR;
				CLANG_WARN_DOCUMENTATION_COMMENTS = YES;
				CLANG_WARN_EMPTY_BODY = YES;
				CLANG_WARN_ENUM_CONVERSION = YES;
				CLANG_WARN_INFINITE_RECURSION = YES;
				CLANG_WARN_INT_CONVERSION = YES;
				CLANG_WARN_NON_LITERAL_NULL_CONVERSION = YES;
				CLANG_WARN_OBJC_IMPLICIT_RETAIN_SELF = YES;
				CLANG_WARN_OBJC_LITERAL_CONVERSION = YES;
				CLANG_WARN_OBJC_ROOT_CLASS = YES_ERROR;
				CLANG_WARN_RANGE_LOOP_ANALYSIS = YES;
				CLANG_WARN_STRICT_PROTOTYPES = YES;
				CLANG_WARN_SUSPICIOUS_MOVE = YES;
				CLANG_WARN_UNGUARDED_AVAILABILITY = YES_AGGRESSIVE;
				CLANG_WARN_UNREACHABLE_CODE = YES;
				CLANG_WARN__DUPLICATE_METHOD_MATCH = YES;
				COPY_PHASE_STRIP = NO;
				DEBUG_INFORMATION_FORMAT = dwarf;
				ENABLE_STRICT_OBJC_MSGSEND = YES;
				ENABLE_TESTABILITY = YES;
				GCC_C_LANGUAGE_STANDARD = gnu11;
				GCC_DYNAMIC_NO_PIC = NO;
				GCC_NO_COMMON_BLOCKS = YES;
				GCC_OPTIMIZATION_LEVEL = 0;
				GCC_PREPROCESSOR_DEFINITIONS = (
					"DEBUG=1",
					"$(inherited)",
				);
				GCC_WARN_64_TO_32_BIT_CONVERSION = YES;
				GCC_WARN_ABOUT_RETURN_TYPE = YES_ERROR;
				GCC_WARN_UNDECLARED_SELECTOR = YES;
				GCC_WARN_UNINITIALIZED_AUTOS = YES_AGGRESSIVE;
				GCC_WARN_UNUSED_FUNCTION = YES;
				GCC_WARN_UNUSED_VARIABLE = YES;
				IPHONEOS_DEPLOYMENT_TARGET = 13.2;
				MTL_ENABLE_DEBUG_INFO = INCLUDE_SOURCE;
				MTL_FAST_MATH = YES;
				ONLY_ACTIVE_ARCH = YES;
				SDKROOT = iphoneos;
				SWIFT_ACTIVE_COMPILATION_CONDITIONS = DEBUG;
				SWIFT_OPTIMIZATION_LEVEL = "-Onone";
			};
			name = Debug;
		};
		1FD7A9F924DD1BD200429F6E /* Release */ = {
			isa = XCBuildConfiguration;
			buildSettings = {
				ALWAYS_SEARCH_USER_PATHS = NO;
				CLANG_ANALYZER_NONNULL = YES;
				CLANG_ANALYZER_NUMBER_OBJECT_CONVERSION = YES_AGGRESSIVE;
				CLANG_CXX_LANGUAGE_STANDARD = "gnu++14";
				CLANG_CXX_LIBRARY = "libc++";
				CLANG_ENABLE_MODULES = YES;
				CLANG_ENABLE_OBJC_ARC = YES;
				CLANG_ENABLE_OBJC_WEAK = YES;
				CLANG_WARN_BLOCK_CAPTURE_AUTORELEASING = YES;
				CLANG_WARN_BOOL_CONVERSION = YES;
				CLANG_WARN_COMMA = YES;
				CLANG_WARN_CONSTANT_CONVERSION = YES;
				CLANG_WARN_DEPRECATED_OBJC_IMPLEMENTATIONS = YES;
				CLANG_WARN_DIRECT_OBJC_ISA_USAGE = YES_ERROR;
				CLANG_WARN_DOCUMENTATION_COMMENTS = YES;
				CLANG_WARN_EMPTY_BODY = YES;
				CLANG_WARN_ENUM_CONVERSION = YES;
				CLANG_WARN_INFINITE_RECURSION = YES;
				CLANG_WARN_INT_CONVERSION = YES;
				CLANG_WARN_NON_LITERAL_NULL_CONVERSION = YES;
				CLANG_WARN_OBJC_IMPLICIT_RETAIN_SELF = YES;
				CLANG_WARN_OBJC_LITERAL_CONVERSION = YES;
				CLANG_WARN_OBJC_ROOT_CLASS = YES_ERROR;
				CLANG_WARN_RANGE_LOOP_ANALYSIS = YES;
				CLANG_WARN_STRICT_PROTOTYPES = YES;
				CLANG_WARN_SUSPICIOUS_MOVE = YES;
				CLANG_WARN_UNGUARDED_AVAILABILITY = YES_AGGRESSIVE;
				CLANG_WARN_UNREACHABLE_CODE = YES;
				CLANG_WARN__DUPLICATE_METHOD_MATCH = YES;
				COPY_PHASE_STRIP = NO;
				DEBUG_INFORMATION_FORMAT = "dwarf-with-dsym";
				ENABLE_NS_ASSERTIONS = NO;
				ENABLE_STRICT_OBJC_MSGSEND = YES;
				GCC_C_LANGUAGE_STANDARD = gnu11;
				GCC_NO_COMMON_BLOCKS = YES;
				GCC_WARN_64_TO_32_BIT_CONVERSION = YES;
				GCC_WARN_ABOUT_RETURN_TYPE = YES_ERROR;
				GCC_WARN_UNDECLARED_SELECTOR = YES;
				GCC_WARN_UNINITIALIZED_AUTOS = YES_AGGRESSIVE;
				GCC_WARN_UNUSED_FUNCTION = YES;
				GCC_WARN_UNUSED_VARIABLE = YES;
				IPHONEOS_DEPLOYMENT_TARGET = 13.2;
				MTL_ENABLE_DEBUG_INFO = NO;
				MTL_FAST_MATH = YES;
				SDKROOT = iphoneos;
				SWIFT_COMPILATION_MODE = wholemodule;
				SWIFT_OPTIMIZATION_LEVEL = "-O";
				VALIDATE_PRODUCT = YES;
			};
			name = Release;
		};
		1FD7A9FB24DD1BD200429F6E /* Debug */ = {
			isa = XCBuildConfiguration;
			buildSettings = {
				ASSETCATALOG_COMPILER_APPICON_NAME = AppIcon;
				CODE_SIGN_STYLE = Automatic;
				DEVELOPMENT_TEAM = BAZME32E6Z;
				INFOPLIST_FILE = HorizontalScrollViewTest/Info.plist;
				LD_RUNPATH_SEARCH_PATHS = (
					"$(inherited)",
					"@executable_path/Frameworks",
				);
				PRODUCT_BUNDLE_IDENTIFIER = com.plusapps.HorizontalScrollViewTest;
				PRODUCT_NAME = "$(TARGET_NAME)";
				SWIFT_VERSION = 5.0;
				TARGETED_DEVICE_FAMILY = "1,2";
			};
			name = Debug;
		};
		1FD7A9FC24DD1BD200429F6E /* Release */ = {
			isa = XCBuildConfiguration;
			buildSettings = {
				ASSETCATALOG_COMPILER_APPICON_NAME = AppIcon;
				CODE_SIGN_STYLE = Automatic;
				DEVELOPMENT_TEAM = BAZME32E6Z;
				INFOPLIST_FILE = HorizontalScrollViewTest/Info.plist;
				LD_RUNPATH_SEARCH_PATHS = (
					"$(inherited)",
					"@executable_path/Frameworks",
				);
				PRODUCT_BUNDLE_IDENTIFIER = com.plusapps.HorizontalScrollViewTest;
				PRODUCT_NAME = "$(TARGET_NAME)";
				SWIFT_VERSION = 5.0;
				TARGETED_DEVICE_FAMILY = "1,2";
			};
			name = Release;
		};
		1FD7A9FE24DD1BD200429F6E /* Debug */ = {
			isa = XCBuildConfiguration;
			buildSettings = {
				ALWAYS_EMBED_SWIFT_STANDARD_LIBRARIES = YES;
				BUNDLE_LOADER = "$(TEST_HOST)";
				CODE_SIGN_STYLE = Automatic;
				DEVELOPMENT_TEAM = BAZME32E6Z;
				INFOPLIST_FILE = HorizontalScrollViewTestTests/Info.plist;
				IPHONEOS_DEPLOYMENT_TARGET = 13.2;
				LD_RUNPATH_SEARCH_PATHS = (
					"$(inherited)",
					"@executable_path/Frameworks",
					"@loader_path/Frameworks",
				);
				PRODUCT_BUNDLE_IDENTIFIER = com.plusapps.HorizontalScrollViewTestTests;
				PRODUCT_NAME = "$(TARGET_NAME)";
				SWIFT_VERSION = 5.0;
				TARGETED_DEVICE_FAMILY = "1,2";
				TEST_HOST = "$(BUILT_PRODUCTS_DIR)/HorizontalScrollViewTest.app/HorizontalScrollViewTest";
			};
			name = Debug;
		};
		1FD7A9FF24DD1BD200429F6E /* Release */ = {
			isa = XCBuildConfiguration;
			buildSettings = {
				ALWAYS_EMBED_SWIFT_STANDARD_LIBRARIES = YES;
				BUNDLE_LOADER = "$(TEST_HOST)";
				CODE_SIGN_STYLE = Automatic;
				DEVELOPMENT_TEAM = BAZME32E6Z;
				INFOPLIST_FILE = HorizontalScrollViewTestTests/Info.plist;
				IPHONEOS_DEPLOYMENT_TARGET = 13.2;
				LD_RUNPATH_SEARCH_PATHS = (
					"$(inherited)",
					"@executable_path/Frameworks",
					"@loader_path/Frameworks",
				);
				PRODUCT_BUNDLE_IDENTIFIER = com.plusapps.HorizontalScrollViewTestTests;
				PRODUCT_NAME = "$(TARGET_NAME)";
				SWIFT_VERSION = 5.0;
				TARGETED_DEVICE_FAMILY = "1,2";
				TEST_HOST = "$(BUILT_PRODUCTS_DIR)/HorizontalScrollViewTest.app/HorizontalScrollViewTest";
			};
			name = Release;
		};
		1FD7AA0124DD1BD200429F6E /* Debug */ = {
			isa = XCBuildConfiguration;
			buildSettings = {
				ALWAYS_EMBED_SWIFT_STANDARD_LIBRARIES = YES;
				CODE_SIGN_STYLE = Automatic;
				DEVELOPMENT_TEAM = BAZME32E6Z;
				INFOPLIST_FILE = HorizontalScrollViewTestUITests/Info.plist;
				LD_RUNPATH_SEARCH_PATHS = (
					"$(inherited)",
					"@executable_path/Frameworks",
					"@loader_path/Frameworks",
				);
				PRODUCT_BUNDLE_IDENTIFIER = com.plusapps.HorizontalScrollViewTestUITests;
				PRODUCT_NAME = "$(TARGET_NAME)";
				SWIFT_VERSION = 5.0;
				TARGETED_DEVICE_FAMILY = "1,2";
				TEST_TARGET_NAME = HorizontalScrollViewTest;
			};
			name = Debug;
		};
		1FD7AA0224DD1BD200429F6E /* Release */ = {
			isa = XCBuildConfiguration;
			buildSettings = {
				ALWAYS_EMBED_SWIFT_STANDARD_LIBRARIES = YES;
				CODE_SIGN_STYLE = Automatic;
				DEVELOPMENT_TEAM = BAZME32E6Z;
				INFOPLIST_FILE = HorizontalScrollViewTestUITests/Info.plist;
				LD_RUNPATH_SEARCH_PATHS = (
					"$(inherited)",
					"@executable_path/Frameworks",
					"@loader_path/Frameworks",
				);
				PRODUCT_BUNDLE_IDENTIFIER = com.plusapps.HorizontalScrollViewTestUITests;
				PRODUCT_NAME = "$(TARGET_NAME)";
				SWIFT_VERSION = 5.0;
				TARGETED_DEVICE_FAMILY = "1,2";
				TEST_TARGET_NAME = HorizontalScrollViewTest;
			};
			name = Release;
		};
/* End XCBuildConfiguration section */

/* Begin XCConfigurationList section */
		1FD7A9CB24DD1BD000429F6E /* Build configuration list for PBXProject "HorizontalScrollViewTest" */ = {
			isa = XCConfigurationList;
			buildConfigurations = (
				1FD7A9F824DD1BD200429F6E /* Debug */,
				1FD7A9F924DD1BD200429F6E /* Release */,
			);
			defaultConfigurationIsVisible = 0;
			defaultConfigurationName = Release;
		};
		1FD7A9FA24DD1BD200429F6E /* Build configuration list for PBXNativeTarget "HorizontalScrollViewTest" */ = {
			isa = XCConfigurationList;
			buildConfigurations = (
				1FD7A9FB24DD1BD200429F6E /* Debug */,
				1FD7A9FC24DD1BD200429F6E /* Release */,
			);
			defaultConfigurationIsVisible = 0;
			defaultConfigurationName = Release;
		};
		1FD7A9FD24DD1BD200429F6E /* Build configuration list for PBXNativeTarget "HorizontalScrollViewTestTests" */ = {
			isa = XCConfigurationList;
			buildConfigurations = (
				1FD7A9FE24DD1BD200429F6E /* Debug */,
				1FD7A9FF24DD1BD200429F6E /* Release */,
			);
			defaultConfigurationIsVisible = 0;
			defaultConfigurationName = Release;
		};
		1FD7AA0024DD1BD200429F6E /* Build configuration list for PBXNativeTarget "HorizontalScrollViewTestUITests" */ = {
			isa = XCConfigurationList;
			buildConfigurations = (
				1FD7AA0124DD1BD200429F6E /* Debug */,
				1FD7AA0224DD1BD200429F6E /* Release */,
			);
			defaultConfigurationIsVisible = 0;
			defaultConfigurationName = Release;
		};
/* End XCConfigurationList section */
	};
	rootObject = 1FD7A9C824DD1BD000429F6E /* Project object */;
}
